// !$*UTF8*$!
{
	archiveVersion = 1;
	classes = {
	};
	objectVersion = 56;
	objects = {

/* Begin PBXBuildFile section */
		1A5A4E4128FAFB5200538D1D /* AppDelegate.swift in Sources */ = {isa = PBXBuildFile; fileRef = 1A5A4E4028FAFB5200538D1D /* AppDelegate.swift */; };
		1A5A4E4328FAFB5200538D1D /* SceneDelegate.swift in Sources */ = {isa = PBXBuildFile; fileRef = 1A5A4E4228FAFB5200538D1D /* SceneDelegate.swift */; };
		1A5A4E4B28FAFB5200538D1D /* DeliveryFood.xcdatamodeld in Sources */ = {isa = PBXBuildFile; fileRef = 1A5A4E4928FAFB5200538D1D /* DeliveryFood.xcdatamodeld */; };
		1A5A4E4D28FAFB5400538D1D /* Assets.xcassets in Resources */ = {isa = PBXBuildFile; fileRef = 1A5A4E4C28FAFB5400538D1D /* Assets.xcassets */; };
		1A5A4E5028FAFB5400538D1D /* LaunchScreen.storyboard in Resources */ = {isa = PBXBuildFile; fileRef = 1A5A4E4E28FAFB5400538D1D /* LaunchScreen.storyboard */; };
		1A5A4E5828FAFC4500538D1D /* Router.swift in Sources */ = {isa = PBXBuildFile; fileRef = 1A5A4E5728FAFC4500538D1D /* Router.swift */; };
		1A5A4E5A28FAFCEC00538D1D /* AssemblyModuleBuilder.swift in Sources */ = {isa = PBXBuildFile; fileRef = 1A5A4E5928FAFCEC00538D1D /* AssemblyModuleBuilder.swift */; };
		1A5A4E6128FAFD8700538D1D /* MenuViewController.swift in Sources */ = {isa = PBXBuildFile; fileRef = 1A5A4E5F28FAFD8700538D1D /* MenuViewController.swift */; };
		1A5A4E6228FAFD8700538D1D /* MenuViewController.xib in Resources */ = {isa = PBXBuildFile; fileRef = 1A5A4E6028FAFD8700538D1D /* MenuViewController.xib */; };
		1A5A4E6528FAFDAE00538D1D /* NetworkManager.swift in Sources */ = {isa = PBXBuildFile; fileRef = 1A5A4E6428FAFDAE00538D1D /* NetworkManager.swift */; };
		1A5A4E6728FAFDE400538D1D /* MenuPresenter.swift in Sources */ = {isa = PBXBuildFile; fileRef = 1A5A4E6628FAFDE400538D1D /* MenuPresenter.swift */; };
		1A5A4E6A28FAFE8C00538D1D /* Constraints.swift in Sources */ = {isa = PBXBuildFile; fileRef = 1A5A4E6928FAFE8C00538D1D /* Constraints.swift */; };
		1A5A4E6C28FAFEB800538D1D /* MenuModel.swift in Sources */ = {isa = PBXBuildFile; fileRef = 1A5A4E6B28FAFEB800538D1D /* MenuModel.swift */; };
		1A90367728FC0D9200BC750D /* SaveManager.swift in Sources */ = {isa = PBXBuildFile; fileRef = 1A90367628FC0D9200BC750D /* SaveManager.swift */; };
		1A90367D28FC0F6700BC750D /* TopSaleEntity+CoreDataProperties.swift in Sources */ = {isa = PBXBuildFile; fileRef = 1A90367928FC0F6600BC750D /* TopSaleEntity+CoreDataProperties.swift */; };
		1A90367E28FC0F6700BC750D /* TopSaleEntity+CoreDataClass.swift in Sources */ = {isa = PBXBuildFile; fileRef = 1A90367A28FC0F6600BC750D /* TopSaleEntity+CoreDataClass.swift */; };
		1A90367F28FC0F6700BC750D /* MealEntity+CoreDataProperties.swift in Sources */ = {isa = PBXBuildFile; fileRef = 1A90367B28FC0F6600BC750D /* MealEntity+CoreDataProperties.swift */; };
		1A90368028FC0F6700BC750D /* MealEntity+CoreDataClass.swift in Sources */ = {isa = PBXBuildFile; fileRef = 1A90367C28FC0F6600BC750D /* MealEntity+CoreDataClass.swift */; };
		1A90368B28FC256400BC750D /* MenuEntity+CoreDataClass.swift in Sources */ = {isa = PBXBuildFile; fileRef = 1A90368928FC256400BC750D /* MenuEntity+CoreDataClass.swift */; };
		1A90368C28FC256400BC750D /* MenuEntity+CoreDataProperties.swift in Sources */ = {isa = PBXBuildFile; fileRef = 1A90368A28FC256400BC750D /* MenuEntity+CoreDataProperties.swift */; };
		1A90368E28FC5A8100BC750D /* NetworkMonitor.swift in Sources */ = {isa = PBXBuildFile; fileRef = 1A90368D28FC5A8100BC750D /* NetworkMonitor.swift */; };
		1AFB061328FB050800A01020 /* MainTabBarViewController.swift in Sources */ = {isa = PBXBuildFile; fileRef = 1AFB061128FB050800A01020 /* MainTabBarViewController.swift */; };
		1AFB061828FB0A6C00A01020 /* TopSaleCollectionViewCell.swift in Sources */ = {isa = PBXBuildFile; fileRef = 1AFB061628FB0A6C00A01020 /* TopSaleCollectionViewCell.swift */; };
		1AFB061928FB0A6C00A01020 /* TopSaleCollectionViewCell.xib in Resources */ = {isa = PBXBuildFile; fileRef = 1AFB061728FB0A6C00A01020 /* TopSaleCollectionViewCell.xib */; };
		1AFB061B28FB0CE900A01020 /* TestJSON.json in Resources */ = {isa = PBXBuildFile; fileRef = 1AFB061A28FB0CE900A01020 /* TestJSON.json */; };
		1AFB061D28FB0CF100A01020 /* TestImages in Resources */ = {isa = PBXBuildFile; fileRef = 1AFB061C28FB0CF100A01020 /* TestImages */; };
		1AFB062128FB0DE400A01020 /* CategoryCollectionViewCell.xib in Resources */ = {isa = PBXBuildFile; fileRef = 1AFB061F28FB0DE400A01020 /* CategoryCollectionViewCell.xib */; };
		1AFB062228FB0DE400A01020 /* CategoryCollectionViewCell.swift in Sources */ = {isa = PBXBuildFile; fileRef = 1AFB062028FB0DE400A01020 /* CategoryCollectionViewCell.swift */; };
		1AFB062628FB116700A01020 /* MealsTableViewCell.swift in Sources */ = {isa = PBXBuildFile; fileRef = 1AFB062428FB116700A01020 /* MealsTableViewCell.swift */; };
		1AFB062728FB116700A01020 /* MealsTableViewCell.xib in Resources */ = {isa = PBXBuildFile; fileRef = 1AFB062528FB116700A01020 /* MealsTableViewCell.xib */; };
		1AFB063628FB2D9700A01020 /* ContactsViewController.swift in Sources */ = {isa = PBXBuildFile; fileRef = 1AFB063428FB2D9700A01020 /* ContactsViewController.swift */; };
		1AFB063728FB2D9700A01020 /* ContactsViewController.xib in Resources */ = {isa = PBXBuildFile; fileRef = 1AFB063528FB2D9700A01020 /* ContactsViewController.xib */; };
		1AFB063928FB2DD400A01020 /* ContactsPresenter.swift in Sources */ = {isa = PBXBuildFile; fileRef = 1AFB063828FB2DD400A01020 /* ContactsPresenter.swift */; };
		1AFB063C28FB2E9500A01020 /* ProfileViewController.swift in Sources */ = {isa = PBXBuildFile; fileRef = 1AFB063A28FB2E9500A01020 /* ProfileViewController.swift */; };
		1AFB063D28FB2E9500A01020 /* ProfileViewController.xib in Resources */ = {isa = PBXBuildFile; fileRef = 1AFB063B28FB2E9500A01020 /* ProfileViewController.xib */; };
		1AFB063F28FB2ED800A01020 /* ProfilePresenter.swift in Sources */ = {isa = PBXBuildFile; fileRef = 1AFB063E28FB2ED800A01020 /* ProfilePresenter.swift */; };
		1AFB064228FB2F1000A01020 /* CartViewController.swift in Sources */ = {isa = PBXBuildFile; fileRef = 1AFB064028FB2F1000A01020 /* CartViewController.swift */; };
		1AFB064328FB2F1000A01020 /* CartViewController.xib in Resources */ = {isa = PBXBuildFile; fileRef = 1AFB064128FB2F1000A01020 /* CartViewController.xib */; };
		1AFB064528FB2F5900A01020 /* CartPresenter.swift in Sources */ = {isa = PBXBuildFile; fileRef = 1AFB064428FB2F5900A01020 /* CartPresenter.swift */; };
		7A078A554DE4323A79548473 /* Pods_DeliveryFood.framework in Frameworks */ = {isa = PBXBuildFile; fileRef = 74BEC0855A8C4D5ABBA409E6 /* Pods_DeliveryFood.framework */; };
/* End PBXBuildFile section */

/* Begin PBXFileReference section */
		1A5A4E3D28FAFB5200538D1D /* DeliveryFood.app */ = {isa = PBXFileReference; explicitFileType = wrapper.application; includeInIndex = 0; path = DeliveryFood.app; sourceTree = BUILT_PRODUCTS_DIR; };
		1A5A4E4028FAFB5200538D1D /* AppDelegate.swift */ = {isa = PBXFileReference; lastKnownFileType = sourcecode.swift; path = AppDelegate.swift; sourceTree = "<group>"; };
		1A5A4E4228FAFB5200538D1D /* SceneDelegate.swift */ = {isa = PBXFileReference; lastKnownFileType = sourcecode.swift; path = SceneDelegate.swift; sourceTree = "<group>"; };
		1A5A4E4A28FAFB5200538D1D /* DeliveryFood.xcdatamodel */ = {isa = PBXFileReference; lastKnownFileType = wrapper.xcdatamodel; path = DeliveryFood.xcdatamodel; sourceTree = "<group>"; };
		1A5A4E4C28FAFB5400538D1D /* Assets.xcassets */ = {isa = PBXFileReference; lastKnownFileType = folder.assetcatalog; path = Assets.xcassets; sourceTree = "<group>"; };
		1A5A4E4F28FAFB5400538D1D /* Base */ = {isa = PBXFileReference; lastKnownFileType = file.storyboard; name = Base; path = Base.lproj/LaunchScreen.storyboard; sourceTree = "<group>"; };
		1A5A4E5128FAFB5400538D1D /* Info.plist */ = {isa = PBXFileReference; lastKnownFileType = text.plist.xml; path = Info.plist; sourceTree = "<group>"; };
		1A5A4E5728FAFC4500538D1D /* Router.swift */ = {isa = PBXFileReference; lastKnownFileType = sourcecode.swift; path = Router.swift; sourceTree = "<group>"; };
		1A5A4E5928FAFCEC00538D1D /* AssemblyModuleBuilder.swift */ = {isa = PBXFileReference; lastKnownFileType = sourcecode.swift; path = AssemblyModuleBuilder.swift; sourceTree = "<group>"; };
		1A5A4E5F28FAFD8700538D1D /* MenuViewController.swift */ = {isa = PBXFileReference; lastKnownFileType = sourcecode.swift; path = MenuViewController.swift; sourceTree = "<group>"; };
		1A5A4E6028FAFD8700538D1D /* MenuViewController.xib */ = {isa = PBXFileReference; lastKnownFileType = file.xib; path = MenuViewController.xib; sourceTree = "<group>"; };
		1A5A4E6428FAFDAE00538D1D /* NetworkManager.swift */ = {isa = PBXFileReference; lastKnownFileType = sourcecode.swift; path = NetworkManager.swift; sourceTree = "<group>"; };
		1A5A4E6628FAFDE400538D1D /* MenuPresenter.swift */ = {isa = PBXFileReference; lastKnownFileType = sourcecode.swift; path = MenuPresenter.swift; sourceTree = "<group>"; };
		1A5A4E6928FAFE8C00538D1D /* Constraints.swift */ = {isa = PBXFileReference; lastKnownFileType = sourcecode.swift; path = Constraints.swift; sourceTree = "<group>"; };
		1A5A4E6B28FAFEB800538D1D /* MenuModel.swift */ = {isa = PBXFileReference; lastKnownFileType = sourcecode.swift; path = MenuModel.swift; sourceTree = "<group>"; };
		1A90367628FC0D9200BC750D /* SaveManager.swift */ = {isa = PBXFileReference; lastKnownFileType = sourcecode.swift; path = SaveManager.swift; sourceTree = "<group>"; };
		1A90367928FC0F6600BC750D /* TopSaleEntity+CoreDataProperties.swift */ = {isa = PBXFileReference; fileEncoding = 4; lastKnownFileType = sourcecode.swift; path = "TopSaleEntity+CoreDataProperties.swift"; sourceTree = "<group>"; };
		1A90367A28FC0F6600BC750D /* TopSaleEntity+CoreDataClass.swift */ = {isa = PBXFileReference; fileEncoding = 4; lastKnownFileType = sourcecode.swift; path = "TopSaleEntity+CoreDataClass.swift"; sourceTree = "<group>"; };
		1A90367B28FC0F6600BC750D /* MealEntity+CoreDataProperties.swift */ = {isa = PBXFileReference; fileEncoding = 4; lastKnownFileType = sourcecode.swift; path = "MealEntity+CoreDataProperties.swift"; sourceTree = "<group>"; };
		1A90367C28FC0F6600BC750D /* MealEntity+CoreDataClass.swift */ = {isa = PBXFileReference; fileEncoding = 4; lastKnownFileType = sourcecode.swift; path = "MealEntity+CoreDataClass.swift"; sourceTree = "<group>"; };
		1A90368928FC256400BC750D /* MenuEntity+CoreDataClass.swift */ = {isa = PBXFileReference; lastKnownFileType = sourcecode.swift; path = "MenuEntity+CoreDataClass.swift"; sourceTree = "<group>"; };
		1A90368A28FC256400BC750D /* MenuEntity+CoreDataProperties.swift */ = {isa = PBXFileReference; lastKnownFileType = sourcecode.swift; path = "MenuEntity+CoreDataProperties.swift"; sourceTree = "<group>"; };
		1A90368D28FC5A8100BC750D /* NetworkMonitor.swift */ = {isa = PBXFileReference; lastKnownFileType = sourcecode.swift; path = NetworkMonitor.swift; sourceTree = "<group>"; };
		1AFB061128FB050800A01020 /* MainTabBarViewController.swift */ = {isa = PBXFileReference; lastKnownFileType = sourcecode.swift; path = MainTabBarViewController.swift; sourceTree = "<group>"; };
		1AFB061628FB0A6C00A01020 /* TopSaleCollectionViewCell.swift */ = {isa = PBXFileReference; fileEncoding = 4; lastKnownFileType = sourcecode.swift; path = TopSaleCollectionViewCell.swift; sourceTree = "<group>"; };
		1AFB061728FB0A6C00A01020 /* TopSaleCollectionViewCell.xib */ = {isa = PBXFileReference; fileEncoding = 4; lastKnownFileType = file.xib; path = TopSaleCollectionViewCell.xib; sourceTree = "<group>"; };
		1AFB061A28FB0CE900A01020 /* TestJSON.json */ = {isa = PBXFileReference; fileEncoding = 4; lastKnownFileType = text.json; path = TestJSON.json; sourceTree = "<group>"; };
		1AFB061C28FB0CF100A01020 /* TestImages */ = {isa = PBXFileReference; lastKnownFileType = folder; path = TestImages; sourceTree = "<group>"; };
		1AFB061F28FB0DE400A01020 /* CategoryCollectionViewCell.xib */ = {isa = PBXFileReference; fileEncoding = 4; lastKnownFileType = file.xib; path = CategoryCollectionViewCell.xib; sourceTree = "<group>"; };
		1AFB062028FB0DE400A01020 /* CategoryCollectionViewCell.swift */ = {isa = PBXFileReference; fileEncoding = 4; lastKnownFileType = sourcecode.swift; path = CategoryCollectionViewCell.swift; sourceTree = "<group>"; };
		1AFB062428FB116700A01020 /* MealsTableViewCell.swift */ = {isa = PBXFileReference; fileEncoding = 4; lastKnownFileType = sourcecode.swift; path = MealsTableViewCell.swift; sourceTree = "<group>"; };
		1AFB062528FB116700A01020 /* MealsTableViewCell.xib */ = {isa = PBXFileReference; fileEncoding = 4; lastKnownFileType = file.xib; path = MealsTableViewCell.xib; sourceTree = "<group>"; };
		1AFB063428FB2D9700A01020 /* ContactsViewController.swift */ = {isa = PBXFileReference; lastKnownFileType = sourcecode.swift; path = ContactsViewController.swift; sourceTree = "<group>"; };
		1AFB063528FB2D9700A01020 /* ContactsViewController.xib */ = {isa = PBXFileReference; lastKnownFileType = file.xib; path = ContactsViewController.xib; sourceTree = "<group>"; };
		1AFB063828FB2DD400A01020 /* ContactsPresenter.swift */ = {isa = PBXFileReference; lastKnownFileType = sourcecode.swift; path = ContactsPresenter.swift; sourceTree = "<group>"; };
		1AFB063A28FB2E9500A01020 /* ProfileViewController.swift */ = {isa = PBXFileReference; lastKnownFileType = sourcecode.swift; path = ProfileViewController.swift; sourceTree = "<group>"; };
		1AFB063B28FB2E9500A01020 /* ProfileViewController.xib */ = {isa = PBXFileReference; lastKnownFileType = file.xib; path = ProfileViewController.xib; sourceTree = "<group>"; };
		1AFB063E28FB2ED800A01020 /* ProfilePresenter.swift */ = {isa = PBXFileReference; lastKnownFileType = sourcecode.swift; path = ProfilePresenter.swift; sourceTree = "<group>"; };
		1AFB064028FB2F1000A01020 /* CartViewController.swift */ = {isa = PBXFileReference; lastKnownFileType = sourcecode.swift; path = CartViewController.swift; sourceTree = "<group>"; };
		1AFB064128FB2F1000A01020 /* CartViewController.xib */ = {isa = PBXFileReference; lastKnownFileType = file.xib; path = CartViewController.xib; sourceTree = "<group>"; };
		1AFB064428FB2F5900A01020 /* CartPresenter.swift */ = {isa = PBXFileReference; lastKnownFileType = sourcecode.swift; path = CartPresenter.swift; sourceTree = "<group>"; };
		2EBEB41A389AE86AD28CF53E /* Pods-DeliveryFood.release.xcconfig */ = {isa = PBXFileReference; includeInIndex = 1; lastKnownFileType = text.xcconfig; name = "Pods-DeliveryFood.release.xcconfig"; path = "Target Support Files/Pods-DeliveryFood/Pods-DeliveryFood.release.xcconfig"; sourceTree = "<group>"; };
		74BEC0855A8C4D5ABBA409E6 /* Pods_DeliveryFood.framework */ = {isa = PBXFileReference; explicitFileType = wrapper.framework; includeInIndex = 0; path = Pods_DeliveryFood.framework; sourceTree = BUILT_PRODUCTS_DIR; };
		ED1E6CEC7181F5346C0CBF0A /* Pods-DeliveryFood.debug.xcconfig */ = {isa = PBXFileReference; includeInIndex = 1; lastKnownFileType = text.xcconfig; name = "Pods-DeliveryFood.debug.xcconfig"; path = "Target Support Files/Pods-DeliveryFood/Pods-DeliveryFood.debug.xcconfig"; sourceTree = "<group>"; };
/* End PBXFileReference section */

/* Begin PBXFrameworksBuildPhase section */
		1A5A4E3A28FAFB5200538D1D /* Frameworks */ = {
			isa = PBXFrameworksBuildPhase;
			buildActionMask = 2147483647;
			files = (
				7A078A554DE4323A79548473 /* Pods_DeliveryFood.framework in Frameworks */,
			);
			runOnlyForDeploymentPostprocessing = 0;
		};
/* End PBXFrameworksBuildPhase section */

/* Begin PBXGroup section */
		1A5A4E3428FAFB5200538D1D = {
			isa = PBXGroup;
			children = (
				1A5A4E3F28FAFB5200538D1D /* DeliveryFood */,
				1A5A4E3E28FAFB5200538D1D /* Products */,
				81190B3D494289038D289CE8 /* Pods */,
				1F8094B46D9A1411A40580DB /* Frameworks */,
			);
			sourceTree = "<group>";
		};
		1A5A4E3E28FAFB5200538D1D /* Products */ = {
			isa = PBXGroup;
			children = (
				1A5A4E3D28FAFB5200538D1D /* DeliveryFood.app */,
			);
			name = Products;
			sourceTree = "<group>";
		};
		1A5A4E3F28FAFB5200538D1D /* DeliveryFood */ = {
			isa = PBXGroup;
			children = (
				1A5A4E4028FAFB5200538D1D /* AppDelegate.swift */,
				1A5A4E4228FAFB5200538D1D /* SceneDelegate.swift */,
				1A5A4E5728FAFC4500538D1D /* Router.swift */,
				1A5A4E5928FAFCEC00538D1D /* AssemblyModuleBuilder.swift */,
				1AFB061028FB04E400A01020 /* MainTabBar */,
				1A5A4E5B28FAFD4A00538D1D /* MenuModule */,
				1AFB062C28FB2D1D00A01020 /* ContactsModule */,
				1AFB062828FB2CCD00A01020 /* ProfileModule */,
				1AFB062D28FB2D3500A01020 /* CartModule */,
				1A5A4E6328FAFD9C00538D1D /* ServiceLayer */,
				1A90367828FC0F5000BC750D /* CoreData */,
				1A5A4E6828FAFE7900538D1D /* Helpers */,
				1A5A4E4C28FAFB5400538D1D /* Assets.xcassets */,
				1A5A4E4E28FAFB5400538D1D /* LaunchScreen.storyboard */,
				1A5A4E5128FAFB5400538D1D /* Info.plist */,
			);
			path = DeliveryFood;
			sourceTree = "<group>";
		};
		1A5A4E5B28FAFD4A00538D1D /* MenuModule */ = {
			isa = PBXGroup;
			children = (
				1A5A4E5E28FAFD6600538D1D /* Model */,
				1A5A4E5D28FAFD5D00538D1D /* View */,
				1A5A4E5C28FAFD5500538D1D /* Presenter */,
			);
			path = MenuModule;
			sourceTree = "<group>";
		};
		1A5A4E5C28FAFD5500538D1D /* Presenter */ = {
			isa = PBXGroup;
			children = (
				1A5A4E6628FAFDE400538D1D /* MenuPresenter.swift */,
			);
			path = Presenter;
			sourceTree = "<group>";
		};
		1A5A4E5D28FAFD5D00538D1D /* View */ = {
			isa = PBXGroup;
			children = (
				1AFB062328FB115500A01020 /* MealsTableViewCell */,
				1AFB061E28FB0DD100A01020 /* CategoryCollectionViewCell */,
				1AFB061528FB0A3700A01020 /* TopSaleCollectionViewCell */,
				1A5A4E5F28FAFD8700538D1D /* MenuViewController.swift */,
				1A5A4E6028FAFD8700538D1D /* MenuViewController.xib */,
			);
			path = View;
			sourceTree = "<group>";
		};
		1A5A4E5E28FAFD6600538D1D /* Model */ = {
			isa = PBXGroup;
			children = (
				1A5A4E6B28FAFEB800538D1D /* MenuModel.swift */,
			);
			path = Model;
			sourceTree = "<group>";
		};
		1A5A4E6328FAFD9C00538D1D /* ServiceLayer */ = {
			isa = PBXGroup;
			children = (
				1A5A4E6428FAFDAE00538D1D /* NetworkManager.swift */,
				1A90367628FC0D9200BC750D /* SaveManager.swift */,
				1A90368D28FC5A8100BC750D /* NetworkMonitor.swift */,
			);
			path = ServiceLayer;
			sourceTree = "<group>";
		};
		1A5A4E6828FAFE7900538D1D /* Helpers */ = {
			isa = PBXGroup;
			children = (
				1AFB061C28FB0CF100A01020 /* TestImages */,
				1AFB061A28FB0CE900A01020 /* TestJSON.json */,
				1A5A4E6928FAFE8C00538D1D /* Constraints.swift */,
			);
			path = Helpers;
			sourceTree = "<group>";
		};
		1A90367828FC0F5000BC750D /* CoreData */ = {
			isa = PBXGroup;
			children = (
				1A90368928FC256400BC750D /* MenuEntity+CoreDataClass.swift */,
				1A90368A28FC256400BC750D /* MenuEntity+CoreDataProperties.swift */,
				1A90367A28FC0F6600BC750D /* TopSaleEntity+CoreDataClass.swift */,
				1A90367928FC0F6600BC750D /* TopSaleEntity+CoreDataProperties.swift */,
				1A90367C28FC0F6600BC750D /* MealEntity+CoreDataClass.swift */,
				1A90367B28FC0F6600BC750D /* MealEntity+CoreDataProperties.swift */,
				1A5A4E4928FAFB5200538D1D /* DeliveryFood.xcdatamodeld */,
			);
			path = CoreData;
			sourceTree = "<group>";
		};
		1AFB061028FB04E400A01020 /* MainTabBar */ = {
			isa = PBXGroup;
			children = (
				1AFB061128FB050800A01020 /* MainTabBarViewController.swift */,
			);
			path = MainTabBar;
			sourceTree = "<group>";
		};
		1AFB061528FB0A3700A01020 /* TopSaleCollectionViewCell */ = {
			isa = PBXGroup;
			children = (
				1AFB061628FB0A6C00A01020 /* TopSaleCollectionViewCell.swift */,
				1AFB061728FB0A6C00A01020 /* TopSaleCollectionViewCell.xib */,
			);
			path = TopSaleCollectionViewCell;
			sourceTree = "<group>";
		};
		1AFB061E28FB0DD100A01020 /* CategoryCollectionViewCell */ = {
			isa = PBXGroup;
			children = (
				1AFB062028FB0DE400A01020 /* CategoryCollectionViewCell.swift */,
				1AFB061F28FB0DE400A01020 /* CategoryCollectionViewCell.xib */,
			);
			path = CategoryCollectionViewCell;
			sourceTree = "<group>";
		};
		1AFB062328FB115500A01020 /* MealsTableViewCell */ = {
			isa = PBXGroup;
			children = (
				1AFB062428FB116700A01020 /* MealsTableViewCell.swift */,
				1AFB062528FB116700A01020 /* MealsTableViewCell.xib */,
			);
			path = MealsTableViewCell;
			sourceTree = "<group>";
		};
		1AFB062828FB2CCD00A01020 /* ProfileModule */ = {
			isa = PBXGroup;
			children = (
				1AFB062B28FB2CF700A01020 /* Model */,
				1AFB062A28FB2CF200A01020 /* View */,
				1AFB062928FB2CEA00A01020 /* Presenter */,
			);
			path = ProfileModule;
			sourceTree = "<group>";
		};
		1AFB062928FB2CEA00A01020 /* Presenter */ = {
			isa = PBXGroup;
			children = (
				1AFB063E28FB2ED800A01020 /* ProfilePresenter.swift */,
			);
			path = Presenter;
			sourceTree = "<group>";
		};
		1AFB062A28FB2CF200A01020 /* View */ = {
			isa = PBXGroup;
			children = (
				1AFB063A28FB2E9500A01020 /* ProfileViewController.swift */,
				1AFB063B28FB2E9500A01020 /* ProfileViewController.xib */,
			);
			path = View;
			sourceTree = "<group>";
		};
		1AFB062B28FB2CF700A01020 /* Model */ = {
			isa = PBXGroup;
			children = (
			);
			path = Model;
			sourceTree = "<group>";
		};
		1AFB062C28FB2D1D00A01020 /* ContactsModule */ = {
			isa = PBXGroup;
			children = (
				1AFB063028FB2D5400A01020 /* Model */,
				1AFB062F28FB2D4F00A01020 /* View */,
				1AFB062E28FB2D4800A01020 /* Presenter */,
			);
			path = ContactsModule;
			sourceTree = "<group>";
		};
		1AFB062D28FB2D3500A01020 /* CartModule */ = {
			isa = PBXGroup;
			children = (
				1AFB063328FB2D6D00A01020 /* Model */,
				1AFB063228FB2D6900A01020 /* View */,
				1AFB063128FB2D6200A01020 /* Presenter */,
			);
			path = CartModule;
			sourceTree = "<group>";
		};
		1AFB062E28FB2D4800A01020 /* Presenter */ = {
			isa = PBXGroup;
			children = (
				1AFB063828FB2DD400A01020 /* ContactsPresenter.swift */,
			);
			path = Presenter;
			sourceTree = "<group>";
		};
		1AFB062F28FB2D4F00A01020 /* View */ = {
			isa = PBXGroup;
			children = (
				1AFB063428FB2D9700A01020 /* ContactsViewController.swift */,
				1AFB063528FB2D9700A01020 /* ContactsViewController.xib */,
			);
			path = View;
			sourceTree = "<group>";
		};
		1AFB063028FB2D5400A01020 /* Model */ = {
			isa = PBXGroup;
			children = (
			);
			path = Model;
			sourceTree = "<group>";
		};
		1AFB063128FB2D6200A01020 /* Presenter */ = {
			isa = PBXGroup;
			children = (
				1AFB064428FB2F5900A01020 /* CartPresenter.swift */,
			);
			path = Presenter;
			sourceTree = "<group>";
		};
		1AFB063228FB2D6900A01020 /* View */ = {
			isa = PBXGroup;
			children = (
				1AFB064028FB2F1000A01020 /* CartViewController.swift */,
				1AFB064128FB2F1000A01020 /* CartViewController.xib */,
			);
			path = View;
			sourceTree = "<group>";
		};
		1AFB063328FB2D6D00A01020 /* Model */ = {
			isa = PBXGroup;
			children = (
			);
			path = Model;
			sourceTree = "<group>";
		};
		1F8094B46D9A1411A40580DB /* Frameworks */ = {
			isa = PBXGroup;
			children = (
				74BEC0855A8C4D5ABBA409E6 /* Pods_DeliveryFood.framework */,
			);
			name = Frameworks;
			sourceTree = "<group>";
		};
		81190B3D494289038D289CE8 /* Pods */ = {
			isa = PBXGroup;
			children = (
				ED1E6CEC7181F5346C0CBF0A /* Pods-DeliveryFood.debug.xcconfig */,
				2EBEB41A389AE86AD28CF53E /* Pods-DeliveryFood.release.xcconfig */,
			);
			path = Pods;
			sourceTree = "<group>";
		};
/* End PBXGroup section */

/* Begin PBXNativeTarget section */
		1A5A4E3C28FAFB5200538D1D /* DeliveryFood */ = {
			isa = PBXNativeTarget;
			buildConfigurationList = 1A5A4E5428FAFB5400538D1D /* Build configuration list for PBXNativeTarget "DeliveryFood" */;
			buildPhases = (
				0A54F1AFA4BDE37A680179BE /* [CP] Check Pods Manifest.lock */,
				1A5A4E3928FAFB5200538D1D /* Sources */,
				1A5A4E3A28FAFB5200538D1D /* Frameworks */,
				1A5A4E3B28FAFB5200538D1D /* Resources */,
				457595A5D224291277F6977A /* [CP] Embed Pods Frameworks */,
			);
			buildRules = (
			);
			dependencies = (
			);
			name = DeliveryFood;
			productName = DeliveryFood;
			productReference = 1A5A4E3D28FAFB5200538D1D /* DeliveryFood.app */;
			productType = "com.apple.product-type.application";
		};
/* End PBXNativeTarget section */

/* Begin PBXProject section */
		1A5A4E3528FAFB5200538D1D /* Project object */ = {
			isa = PBXProject;
			attributes = {
				BuildIndependentTargetsInParallel = 1;
				LastSwiftUpdateCheck = 1400;
				LastUpgradeCheck = 1400;
				TargetAttributes = {
					1A5A4E3C28FAFB5200538D1D = {
						CreatedOnToolsVersion = 14.0.1;
					};
				};
			};
			buildConfigurationList = 1A5A4E3828FAFB5200538D1D /* Build configuration list for PBXProject "DeliveryFood" */;
			compatibilityVersion = "Xcode 14.0";
			developmentRegion = en;
			hasScannedForEncodings = 0;
			knownRegions = (
				en,
				Base,
			);
			mainGroup = 1A5A4E3428FAFB5200538D1D;
			productRefGroup = 1A5A4E3E28FAFB5200538D1D /* Products */;
			projectDirPath = "";
			projectRoot = "";
			targets = (
				1A5A4E3C28FAFB5200538D1D /* DeliveryFood */,
			);
		};
/* End PBXProject section */

/* Begin PBXResourcesBuildPhase section */
		1A5A4E3B28FAFB5200538D1D /* Resources */ = {
			isa = PBXResourcesBuildPhase;
			buildActionMask = 2147483647;
			files = (
				1AFB061D28FB0CF100A01020 /* TestImages in Resources */,
				1AFB064328FB2F1000A01020 /* CartViewController.xib in Resources */,
				1AFB062128FB0DE400A01020 /* CategoryCollectionViewCell.xib in Resources */,
				1A5A4E5028FAFB5400538D1D /* LaunchScreen.storyboard in Resources */,
				1AFB061928FB0A6C00A01020 /* TopSaleCollectionViewCell.xib in Resources */,
				1AFB063728FB2D9700A01020 /* ContactsViewController.xib in Resources */,
				1AFB062728FB116700A01020 /* MealsTableViewCell.xib in Resources */,
				1A5A4E6228FAFD8700538D1D /* MenuViewController.xib in Resources */,
				1AFB061B28FB0CE900A01020 /* TestJSON.json in Resources */,
				1AFB063D28FB2E9500A01020 /* ProfileViewController.xib in Resources */,
				1A5A4E4D28FAFB5400538D1D /* Assets.xcassets in Resources */,
			);
			runOnlyForDeploymentPostprocessing = 0;
		};
/* End PBXResourcesBuildPhase section */

/* Begin PBXShellScriptBuildPhase section */
		0A54F1AFA4BDE37A680179BE /* [CP] Check Pods Manifest.lock */ = {
			isa = PBXShellScriptBuildPhase;
			buildActionMask = 2147483647;
			files = (
			);
			inputFileListPaths = (
			);
			inputPaths = (
				"${PODS_PODFILE_DIR_PATH}/Podfile.lock",
				"${PODS_ROOT}/Manifest.lock",
			);
			name = "[CP] Check Pods Manifest.lock";
			outputFileListPaths = (
			);
			outputPaths = (
				"$(DERIVED_FILE_DIR)/Pods-DeliveryFood-checkManifestLockResult.txt",
			);
			runOnlyForDeploymentPostprocessing = 0;
			shellPath = /bin/sh;
			shellScript = "diff \"${PODS_PODFILE_DIR_PATH}/Podfile.lock\" \"${PODS_ROOT}/Manifest.lock\" > /dev/null\nif [ $? != 0 ] ; then\n    # print error to STDERR\n    echo \"error: The sandbox is not in sync with the Podfile.lock. Run 'pod install' or update your CocoaPods installation.\" >&2\n    exit 1\nfi\n# This output is used by Xcode 'outputs' to avoid re-running this script phase.\necho \"SUCCESS\" > \"${SCRIPT_OUTPUT_FILE_0}\"\n";
			showEnvVarsInLog = 0;
		};
		457595A5D224291277F6977A /* [CP] Embed Pods Frameworks */ = {
			isa = PBXShellScriptBuildPhase;
			buildActionMask = 2147483647;
			files = (
			);
			inputFileListPaths = (
				"${PODS_ROOT}/Target Support Files/Pods-DeliveryFood/Pods-DeliveryFood-frameworks-${CONFIGURATION}-input-files.xcfilelist",
			);
			name = "[CP] Embed Pods Frameworks";
			outputFileListPaths = (
				"${PODS_ROOT}/Target Support Files/Pods-DeliveryFood/Pods-DeliveryFood-frameworks-${CONFIGURATION}-output-files.xcfilelist",
			);
			runOnlyForDeploymentPostprocessing = 0;
			shellPath = /bin/sh;
			shellScript = "\"${PODS_ROOT}/Target Support Files/Pods-DeliveryFood/Pods-DeliveryFood-frameworks.sh\"\n";
			showEnvVarsInLog = 0;
		};
/* End PBXShellScriptBuildPhase section */

/* Begin PBXSourcesBuildPhase section */
		1A5A4E3928FAFB5200538D1D /* Sources */ = {
			isa = PBXSourcesBuildPhase;
			buildActionMask = 2147483647;
			files = (
				1A5A4E5A28FAFCEC00538D1D /* AssemblyModuleBuilder.swift in Sources */,
				1AFB061828FB0A6C00A01020 /* TopSaleCollectionViewCell.swift in Sources */,
				1A5A4E6128FAFD8700538D1D /* MenuViewController.swift in Sources */,
				1A90368B28FC256400BC750D /* MenuEntity+CoreDataClass.swift in Sources */,
				1A90368C28FC256400BC750D /* MenuEntity+CoreDataProperties.swift in Sources */,
				1A5A4E6C28FAFEB800538D1D /* MenuModel.swift in Sources */,
				1A5A4E5828FAFC4500538D1D /* Router.swift in Sources */,
				1A5A4E6728FAFDE400538D1D /* MenuPresenter.swift in Sources */,
				1AFB062628FB116700A01020 /* MealsTableViewCell.swift in Sources */,
				1AFB063C28FB2E9500A01020 /* ProfileViewController.swift in Sources */,
				1AFB062228FB0DE400A01020 /* CategoryCollectionViewCell.swift in Sources */,
				1AFB064228FB2F1000A01020 /* CartViewController.swift in Sources */,
				1A90367728FC0D9200BC750D /* SaveManager.swift in Sources */,
				1A90368E28FC5A8100BC750D /* NetworkMonitor.swift in Sources */,
				1A5A4E6A28FAFE8C00538D1D /* Constraints.swift in Sources */,
				1A90367E28FC0F6700BC750D /* TopSaleEntity+CoreDataClass.swift in Sources */,
				1AFB063928FB2DD400A01020 /* ContactsPresenter.swift in Sources */,
				1A5A4E6528FAFDAE00538D1D /* NetworkManager.swift in Sources */,
				1A5A4E4B28FAFB5200538D1D /* DeliveryFood.xcdatamodeld in Sources */,
				1AFB064528FB2F5900A01020 /* CartPresenter.swift in Sources */,
				1AFB061328FB050800A01020 /* MainTabBarViewController.swift in Sources */,
				1AFB063F28FB2ED800A01020 /* ProfilePresenter.swift in Sources */,
				1A5A4E4128FAFB5200538D1D /* AppDelegate.swift in Sources */,
				1A90367D28FC0F6700BC750D /* TopSaleEntity+CoreDataProperties.swift in Sources */,
				1A90367F28FC0F6700BC750D /* MealEntity+CoreDataProperties.swift in Sources */,
				1A5A4E4328FAFB5200538D1D /* SceneDelegate.swift in Sources */,
				1A90368028FC0F6700BC750D /* MealEntity+CoreDataClass.swift in Sources */,
				1AFB063628FB2D9700A01020 /* ContactsViewController.swift in Sources */,
			);
			runOnlyForDeploymentPostprocessing = 0;
		};
/* End PBXSourcesBuildPhase section */

/* Begin PBXVariantGroup section */
		1A5A4E4E28FAFB5400538D1D /* LaunchScreen.storyboard */ = {
			isa = PBXVariantGroup;
			children = (
				1A5A4E4F28FAFB5400538D1D /* Base */,
			);
			name = LaunchScreen.storyboard;
			sourceTree = "<group>";
		};
/* End PBXVariantGroup section */

/* Begin XCBuildConfiguration section */
		1A5A4E5228FAFB5400538D1D /* Debug */ = {
			isa = XCBuildConfiguration;
			buildSettings = {
				ALWAYS_SEARCH_USER_PATHS = NO;
				CLANG_ANALYZER_NONNULL = YES;
				CLANG_ANALYZER_NUMBER_OBJECT_CONVERSION = YES_AGGRESSIVE;
				CLANG_CXX_LANGUAGE_STANDARD = "gnu++20";
				CLANG_ENABLE_MODULES = YES;
				CLANG_ENABLE_OBJC_ARC = YES;
				CLANG_ENABLE_OBJC_WEAK = YES;
				CLANG_WARN_BLOCK_CAPTURE_AUTORELEASING = YES;
				CLANG_WARN_BOOL_CONVERSION = YES;
				CLANG_WARN_COMMA = YES;
				CLANG_WARN_CONSTANT_CONVERSION = YES;
				CLANG_WARN_DEPRECATED_OBJC_IMPLEMENTATIONS = YES;
				CLANG_WARN_DIRECT_OBJC_ISA_USAGE = YES_ERROR;
				CLANG_WARN_DOCUMENTATION_COMMENTS = YES;
				CLANG_WARN_EMPTY_BODY = YES;
				CLANG_WARN_ENUM_CONVERSION = YES;
				CLANG_WARN_INFINITE_RECURSION = YES;
				CLANG_WARN_INT_CONVERSION = YES;
				CLANG_WARN_NON_LITERAL_NULL_CONVERSION = YES;
				CLANG_WARN_OBJC_IMPLICIT_RETAIN_SELF = YES;
				CLANG_WARN_OBJC_LITERAL_CONVERSION = YES;
				CLANG_WARN_OBJC_ROOT_CLASS = YES_ERROR;
				CLANG_WARN_QUOTED_INCLUDE_IN_FRAMEWORK_HEADER = YES;
				CLANG_WARN_RANGE_LOOP_ANALYSIS = YES;
				CLANG_WARN_STRICT_PROTOTYPES = YES;
				CLANG_WARN_SUSPICIOUS_MOVE = YES;
				CLANG_WARN_UNGUARDED_AVAILABILITY = YES_AGGRESSIVE;
				CLANG_WARN_UNREACHABLE_CODE = YES;
				CLANG_WARN__DUPLICATE_METHOD_MATCH = YES;
				COPY_PHASE_STRIP = NO;
				DEBUG_INFORMATION_FORMAT = dwarf;
				ENABLE_STRICT_OBJC_MSGSEND = YES;
				ENABLE_TESTABILITY = YES;
				GCC_C_LANGUAGE_STANDARD = gnu11;
				GCC_DYNAMIC_NO_PIC = NO;
				GCC_NO_COMMON_BLOCKS = YES;
				GCC_OPTIMIZATION_LEVEL = 0;
				GCC_PREPROCESSOR_DEFINITIONS = (
					"DEBUG=1",
					"$(inherited)",
				);
				GCC_WARN_64_TO_32_BIT_CONVERSION = YES;
				GCC_WARN_ABOUT_RETURN_TYPE = YES_ERROR;
				GCC_WARN_UNDECLARED_SELECTOR = YES;
				GCC_WARN_UNINITIALIZED_AUTOS = YES_AGGRESSIVE;
				GCC_WARN_UNUSED_FUNCTION = YES;
				GCC_WARN_UNUSED_VARIABLE = YES;
				IPHONEOS_DEPLOYMENT_TARGET = 16.0;
				MTL_ENABLE_DEBUG_INFO = INCLUDE_SOURCE;
				MTL_FAST_MATH = YES;
				ONLY_ACTIVE_ARCH = YES;
				SDKROOT = iphoneos;
				SWIFT_ACTIVE_COMPILATION_CONDITIONS = DEBUG;
				SWIFT_OPTIMIZATION_LEVEL = "-Onone";
			};
			name = Debug;
		};
		1A5A4E5328FAFB5400538D1D /* Release */ = {
			isa = XCBuildConfiguration;
			buildSettings = {
				ALWAYS_SEARCH_USER_PATHS = NO;
				CLANG_ANALYZER_NONNULL = YES;
				CLANG_ANALYZER_NUMBER_OBJECT_CONVERSION = YES_AGGRESSIVE;
				CLANG_CXX_LANGUAGE_STANDARD = "gnu++20";
				CLANG_ENABLE_MODULES = YES;
				CLANG_ENABLE_OBJC_ARC = YES;
				CLANG_ENABLE_OBJC_WEAK = YES;
				CLANG_WARN_BLOCK_CAPTURE_AUTORELEASING = YES;
				CLANG_WARN_BOOL_CONVERSION = YES;
				CLANG_WARN_COMMA = YES;
				CLANG_WARN_CONSTANT_CONVERSION = YES;
				CLANG_WARN_DEPRECATED_OBJC_IMPLEMENTATIONS = YES;
				CLANG_WARN_DIRECT_OBJC_ISA_USAGE = YES_ERROR;
				CLANG_WARN_DOCUMENTATION_COMMENTS = YES;
				CLANG_WARN_EMPTY_BODY = YES;
				CLANG_WARN_ENUM_CONVERSION = YES;
				CLANG_WARN_INFINITE_RECURSION = YES;
				CLANG_WARN_INT_CONVERSION = YES;
				CLANG_WARN_NON_LITERAL_NULL_CONVERSION = YES;
				CLANG_WARN_OBJC_IMPLICIT_RETAIN_SELF = YES;
				CLANG_WARN_OBJC_LITERAL_CONVERSION = YES;
				CLANG_WARN_OBJC_ROOT_CLASS = YES_ERROR;
				CLANG_WARN_QUOTED_INCLUDE_IN_FRAMEWORK_HEADER = YES;
				CLANG_WARN_RANGE_LOOP_ANALYSIS = YES;
				CLANG_WARN_STRICT_PROTOTYPES = YES;
				CLANG_WARN_SUSPICIOUS_MOVE = YES;
				CLANG_WARN_UNGUARDED_AVAILABILITY = YES_AGGRESSIVE;
				CLANG_WARN_UNREACHABLE_CODE = YES;
				CLANG_WARN__DUPLICATE_METHOD_MATCH = YES;
				COPY_PHASE_STRIP = NO;
				DEBUG_INFORMATION_FORMAT = "dwarf-with-dsym";
				ENABLE_NS_ASSERTIONS = NO;
				ENABLE_STRICT_OBJC_MSGSEND = YES;
				GCC_C_LANGUAGE_STANDARD = gnu11;
				GCC_NO_COMMON_BLOCKS = YES;
				GCC_WARN_64_TO_32_BIT_CONVERSION = YES;
				GCC_WARN_ABOUT_RETURN_TYPE = YES_ERROR;
				GCC_WARN_UNDECLARED_SELECTOR = YES;
				GCC_WARN_UNINITIALIZED_AUTOS = YES_AGGRESSIVE;
				GCC_WARN_UNUSED_FUNCTION = YES;
				GCC_WARN_UNUSED_VARIABLE = YES;
				IPHONEOS_DEPLOYMENT_TARGET = 16.0;
				MTL_ENABLE_DEBUG_INFO = NO;
				MTL_FAST_MATH = YES;
				SDKROOT = iphoneos;
				SWIFT_COMPILATION_MODE = wholemodule;
				SWIFT_OPTIMIZATION_LEVEL = "-O";
				VALIDATE_PRODUCT = YES;
			};
			name = Release;
		};
		1A5A4E5528FAFB5400538D1D /* Debug */ = {
			isa = XCBuildConfiguration;
			baseConfigurationReference = ED1E6CEC7181F5346C0CBF0A /* Pods-DeliveryFood.debug.xcconfig */;
			buildSettings = {
				ASSETCATALOG_COMPILER_APPICON_NAME = AppIcon;
				ASSETCATALOG_COMPILER_GLOBAL_ACCENT_COLOR_NAME = AccentColor;
				CODE_SIGN_STYLE = Automatic;
				CURRENT_PROJECT_VERSION = 1;
				DEVELOPMENT_TEAM = XS6MHWV662;
				GENERATE_INFOPLIST_FILE = YES;
				INFOPLIST_FILE = DeliveryFood/Info.plist;
				INFOPLIST_KEY_UIApplicationSupportsIndirectInputEvents = YES;
				INFOPLIST_KEY_UILaunchStoryboardName = LaunchScreen;
				INFOPLIST_KEY_UIStatusBarStyle = "";
				INFOPLIST_KEY_UISupportedInterfaceOrientations = UIInterfaceOrientationPortrait;
				INFOPLIST_KEY_UISupportedInterfaceOrientations_iPad = "UIInterfaceOrientationLandscapeLeft UIInterfaceOrientationLandscapeRight UIInterfaceOrientationPortrait UIInterfaceOrientationPortraitUpsideDown";
				LD_RUNPATH_SEARCH_PATHS = (
					"$(inherited)",
					"@executable_path/Frameworks",
				);
				MARKETING_VERSION = 1.0;
				PRODUCT_BUNDLE_IDENTIFIER = com.sadyrev.DeliveryFood;
				PRODUCT_NAME = "$(TARGET_NAME)";
				SUPPORTED_PLATFORMS = "iphoneos iphonesimulator";
				SUPPORTS_MACCATALYST = NO;
				SUPPORTS_MAC_DESIGNED_FOR_IPHONE_IPAD = NO;
				SWIFT_EMIT_LOC_STRINGS = YES;
				SWIFT_VERSION = 5.0;
				TARGETED_DEVICE_FAMILY = 1;
			};
			name = Debug;
		};
		1A5A4E5628FAFB5400538D1D /* Release */ = {
			isa = XCBuildConfiguration;
			baseConfigurationReference = 2EBEB41A389AE86AD28CF53E /* Pods-DeliveryFood.release.xcconfig */;
			buildSettings = {
				ASSETCATALOG_COMPILER_APPICON_NAME = AppIcon;
				ASSETCATALOG_COMPILER_GLOBAL_ACCENT_COLOR_NAME = AccentColor;
				CODE_SIGN_STYLE = Automatic;
				CURRENT_PROJECT_VERSION = 1;
				DEVELOPMENT_TEAM = XS6MHWV662;
				GENERATE_INFOPLIST_FILE = YES;
				INFOPLIST_FILE = DeliveryFood/Info.plist;
				INFOPLIST_KEY_UIApplicationSupportsIndirectInputEvents = YES;
				INFOPLIST_KEY_UILaunchStoryboardName = LaunchScreen;
				INFOPLIST_KEY_UIStatusBarStyle = "";
				INFOPLIST_KEY_UISupportedInterfaceOrientations = UIInterfaceOrientationPortrait;
				INFOPLIST_KEY_UISupportedInterfaceOrientations_iPad = "UIInterfaceOrientationLandscapeLeft UIInterfaceOrientationLandscapeRight UIInterfaceOrientationPortrait UIInterfaceOrientationPortraitUpsideDown";
				LD_RUNPATH_SEARCH_PATHS = (
					"$(inherited)",
					"@executable_path/Frameworks",
				);
				MARKETING_VERSION = 1.0;
				PRODUCT_BUNDLE_IDENTIFIER = com.sadyrev.DeliveryFood;
				PRODUCT_NAME = "$(TARGET_NAME)";
				SUPPORTED_PLATFORMS = "iphoneos iphonesimulator";
				SUPPORTS_MACCATALYST = NO;
				SUPPORTS_MAC_DESIGNED_FOR_IPHONE_IPAD = NO;
				SWIFT_EMIT_LOC_STRINGS = YES;
				SWIFT_VERSION = 5.0;
				TARGETED_DEVICE_FAMILY = 1;
			};
			name = Release;
		};
/* End XCBuildConfiguration section */

/* Begin XCConfigurationList section */
		1A5A4E3828FAFB5200538D1D /* Build configuration list for PBXProject "DeliveryFood" */ = {
			isa = XCConfigurationList;
			buildConfigurations = (
				1A5A4E5228FAFB5400538D1D /* Debug */,
				1A5A4E5328FAFB5400538D1D /* Release */,
			);
			defaultConfigurationIsVisible = 0;
			defaultConfigurationName = Release;
		};
		1A5A4E5428FAFB5400538D1D /* Build configuration list for PBXNativeTarget "DeliveryFood" */ = {
			isa = XCConfigurationList;
			buildConfigurations = (
				1A5A4E5528FAFB5400538D1D /* Debug */,
				1A5A4E5628FAFB5400538D1D /* Release */,
			);
			defaultConfigurationIsVisible = 0;
			defaultConfigurationName = Release;
		};
/* End XCConfigurationList section */

/* Begin XCVersionGroup section */
		1A5A4E4928FAFB5200538D1D /* DeliveryFood.xcdatamodeld */ = {
			isa = XCVersionGroup;
			children = (
				1A5A4E4A28FAFB5200538D1D /* DeliveryFood.xcdatamodel */,
			);
			currentVersion = 1A5A4E4A28FAFB5200538D1D /* DeliveryFood.xcdatamodel */;
			path = DeliveryFood.xcdatamodeld;
			sourceTree = "<group>";
			versionGroupType = wrapper.xcdatamodel;
		};
/* End XCVersionGroup section */
	};
	rootObject = 1A5A4E3528FAFB5200538D1D /* Project object */;
}
